
Microsoft Visual Studio Solution File, Format Version 12.00
# Visual Studio Version 17
VisualStudioVersion = 17.3.32929.385
MinimumVisualStudioVersion = 10.0.40219.1
Project("{2150E333-8FDC-42A3-9474-1A3956D46DE8}") = "src", "src", "{04D64690-8FDB-4291-B6D1-6DF2CFADAC98}"
EndProject
Project("{2150E333-8FDC-42A3-9474-1A3956D46DE8}") = "apiClienteEndereco", "apiClienteEndereco", "{7AB3F01B-1528-4826-B909-1E98DC497145}"
EndProject
Project("{9A19103F-16F7-4668-BE54-9A1E7A4F7556}") = "apiClienteEndereco", "src\apiClienteEndereco\apiClienteEndereco.csproj", "{77AAB097-E7F6-4C43-A380-AAE317DA0D8A}"
EndProject
Project("{2150E333-8FDC-42A3-9474-1A3956D46DE8}") = "Application", "Application", "{88EFB144-ECBF-44D0-AF42-790A48824FFC}"
EndProject
Project("{9A19103F-16F7-4668-BE54-9A1E7A4F7556}") = "Application", "src\Application\Application.csproj", "{7B31EBF4-9BFC-4654-A381-A3C328C9F9DF}"
EndProject
Project("{2150E333-8FDC-42A3-9474-1A3956D46DE8}") = "Data", "Data", "{478ABE81-719E-4E30-B2CE-06DF09CD50D0}"
EndProject
Project("{9A19103F-16F7-4668-BE54-9A1E7A4F7556}") = "Data", "src\Data\Data.csproj", "{80CD8E65-52AD-43AC-8E18-19F444E78F91}"
EndProject
Project("{2150E333-8FDC-42A3-9474-1A3956D46DE8}") = "dominio", "dominio", "{6D5FAED0-0994-487A-81FA-C2FE1CDAA555}"
EndProject
Project("{9A19103F-16F7-4668-BE54-9A1E7A4F7556}") = "dominio", "src\dominio\dominio.csproj", "{B7FCCF09-D4E4-4F64-8DDE-FADB91FE3E67}"
EndProject
Project("{2150E333-8FDC-42A3-9474-1A3956D46DE8}") = "Infraestructure", "Infraestructure", "{261CC072-5963-4553-A6FF-D13D62E8859A}"
EndProject
Project("{9A19103F-16F7-4668-BE54-9A1E7A4F7556}") = "Infraestructure", "src\Infraestructure\Infraestructure.csproj", "{65FA0A4D-8727-4965-9348-85D6D5ABDF41}"
EndProject
Project("{2150E333-8FDC-42A3-9474-1A3956D46DE8}") = "Testes", "Testes", "{FBB7AF92-A62E-456F-BBDD-222F2E1FC096}"
EndProject
Project("{9A19103F-16F7-4668-BE54-9A1E7A4F7556}") = "Test", "Test\Test.csproj", "{EB076C1D-74FB-4259-80F7-76D8D9106B4B}"
EndProject
Global
	GlobalSection(SolutionConfigurationPlatforms) = preSolution
		Debug|Any CPU = Debug|Any CPU
		Release|Any CPU = Release|Any CPU
	EndGlobalSection
	GlobalSection(ProjectConfigurationPlatforms) = postSolution
		{77AAB097-E7F6-4C43-A380-AAE317DA0D8A}.Debug|Any CPU.ActiveCfg = Debug|Any CPU
		{77AAB097-E7F6-4C43-A380-AAE317DA0D8A}.Debug|Any CPU.Build.0 = Debug|Any CPU
		{77AAB097-E7F6-4C43-A380-AAE317DA0D8A}.Release|Any CPU.ActiveCfg = Release|Any CPU
		{77AAB097-E7F6-4C43-A380-AAE317DA0D8A}.Release|Any CPU.Build.0 = Release|Any CPU
		{7B31EBF4-9BFC-4654-A381-A3C328C9F9DF}.Debug|Any CPU.ActiveCfg = Debug|Any CPU
		{7B31EBF4-9BFC-4654-A381-A3C328C9F9DF}.Debug|Any CPU.Build.0 = Debug|Any CPU
		{7B31EBF4-9BFC-4654-A381-A3C328C9F9DF}.Release|Any CPU.ActiveCfg = Release|Any CPU
		{7B31EBF4-9BFC-4654-A381-A3C328C9F9DF}.Release|Any CPU.Build.0 = Release|Any CPU
		{80CD8E65-52AD-43AC-8E18-19F444E78F91}.Debug|Any CPU.ActiveCfg = Debug|Any CPU
		{80CD8E65-52AD-43AC-8E18-19F444E78F91}.Debug|Any CPU.Build.0 = Debug|Any CPU
		{80CD8E65-52AD-43AC-8E18-19F444E78F91}.Release|Any CPU.ActiveCfg = Release|Any CPU
		{80CD8E65-52AD-43AC-8E18-19F444E78F91}.Release|Any CPU.Build.0 = Release|Any CPU
		{B7FCCF09-D4E4-4F64-8DDE-FADB91FE3E67}.Debug|Any CPU.ActiveCfg = Debug|Any CPU
		{B7FCCF09-D4E4-4F64-8DDE-FADB91FE3E67}.Debug|Any CPU.Build.0 = Debug|Any CPU
		{B7FCCF09-D4E4-4F64-8DDE-FADB91FE3E67}.Release|Any CPU.ActiveCfg = Release|Any CPU
		{B7FCCF09-D4E4-4F64-8DDE-FADB91FE3E67}.Release|Any CPU.Build.0 = Release|Any CPU
		{65FA0A4D-8727-4965-9348-85D6D5ABDF41}.Debug|Any CPU.ActiveCfg = Debug|Any CPU
		{65FA0A4D-8727-4965-9348-85D6D5ABDF41}.Debug|Any CPU.Build.0 = Debug|Any CPU
		{65FA0A4D-8727-4965-9348-85D6D5ABDF41}.Release|Any CPU.ActiveCfg = Release|Any CPU
		{65FA0A4D-8727-4965-9348-85D6D5ABDF41}.Release|Any CPU.Build.0 = Release|Any CPU
		{EB076C1D-74FB-4259-80F7-76D8D9106B4B}.Debug|Any CPU.ActiveCfg = Debug|Any CPU
		{EB076C1D-74FB-4259-80F7-76D8D9106B4B}.Debug|Any CPU.Build.0 = Debug|Any CPU
		{EB076C1D-74FB-4259-80F7-76D8D9106B4B}.Release|Any CPU.ActiveCfg = Release|Any CPU
		{EB076C1D-74FB-4259-80F7-76D8D9106B4B}.Release|Any CPU.Build.0 = Release|Any CPU
	EndGlobalSection
	GlobalSection(SolutionProperties) = preSolution
		HideSolutionNode = FALSE
	EndGlobalSection
	GlobalSection(NestedProjects) = preSolution
		{7AB3F01B-1528-4826-B909-1E98DC497145} = {04D64690-8FDB-4291-B6D1-6DF2CFADAC98}
		{77AAB097-E7F6-4C43-A380-AAE317DA0D8A} = {7AB3F01B-1528-4826-B909-1E98DC497145}
		{88EFB144-ECBF-44D0-AF42-790A48824FFC} = {04D64690-8FDB-4291-B6D1-6DF2CFADAC98}
		{7B31EBF4-9BFC-4654-A381-A3C328C9F9DF} = {88EFB144-ECBF-44D0-AF42-790A48824FFC}
		{478ABE81-719E-4E30-B2CE-06DF09CD50D0} = {04D64690-8FDB-4291-B6D1-6DF2CFADAC98}
		{80CD8E65-52AD-43AC-8E18-19F444E78F91} = {478ABE81-719E-4E30-B2CE-06DF09CD50D0}
		{6D5FAED0-0994-487A-81FA-C2FE1CDAA555} = {04D64690-8FDB-4291-B6D1-6DF2CFADAC98}
		{B7FCCF09-D4E4-4F64-8DDE-FADB91FE3E67} = {6D5FAED0-0994-487A-81FA-C2FE1CDAA555}
		{261CC072-5963-4553-A6FF-D13D62E8859A} = {04D64690-8FDB-4291-B6D1-6DF2CFADAC98}
		{65FA0A4D-8727-4965-9348-85D6D5ABDF41} = {261CC072-5963-4553-A6FF-D13D62E8859A}
		{EB076C1D-74FB-4259-80F7-76D8D9106B4B} = {FBB7AF92-A62E-456F-BBDD-222F2E1FC096}
	EndGlobalSection
	GlobalSection(ExtensibilityGlobals) = postSolution
		SolutionGuid = {1FA0D743-A035-4728-AC84-3B2A6DA92150}
	EndGlobalSection
EndGlobal
